
Microsoft Visual Studio Solution File, Format Version 12.00
# Visual Studio Version 17
VisualStudioVersion = 17.11.35327.3
MinimumVisualStudioVersion = 10.0.40219.1
Project("{FAE04EC0-301F-11D3-BF4B-00C04F79EFBC}") = "datas", "datas.csproj", "{4146E10F-01E5-4FDF-920E-507AC5059B5F}"
EndProject
Global
	GlobalSection(SolutionConfigurationPlatforms) = preSolution
		Debug|Any CPU = Debug|Any CPU
		Release|Any CPU = Release|Any CPU
	EndGlobalSection
	GlobalSection(ProjectConfigurationPlatforms) = postSolution
		{4146E10F-01E5-4FDF-920E-507AC5059B5F}.Debug|Any CPU.ActiveCfg = Debug|Any CPU
		{4146E10F-01E5-4FDF-920E-507AC5059B5F}.Debug|Any CPU.Build.0 = Debug|Any CPU
		{4146E10F-01E5-4FDF-920E-507AC5059B5F}.Release|Any CPU.ActiveCfg = Release|Any CPU
		{4146E10F-01E5-4FDF-920E-507AC5059B5F}.Release|Any CPU.Build.0 = Release|Any CPU
	EndGlobalSection
	GlobalSection(SolutionProperties) = preSolution
		HideSolutionNode = FALSE
	EndGlobalSection
	GlobalSection(ExtensibilityGlobals) = postSolution
		SolutionGuid = {B8B563B0-4BAF-41A8-B3DA-ACA9D5ED8628}
	EndGlobalSection
EndGlobal
