
Microsoft Visual Studio Solution File, Format Version 12.00
# Visual Studio Version 17
VisualStudioVersion = 17.11.35327.3
MinimumVisualStudioVersion = 10.0.40219.1
Project("{FAE04EC0-301F-11D3-BF4B-00C04F79EFBC}") = "frutas", "frutas.csproj", "{68582FF8-425A-4F38-9491-037A73402C4A}"
EndProject
Global
	GlobalSection(SolutionConfigurationPlatforms) = preSolution
		Debug|Any CPU = Debug|Any CPU
		Release|Any CPU = Release|Any CPU
	EndGlobalSection
	GlobalSection(ProjectConfigurationPlatforms) = postSolution
		{68582FF8-425A-4F38-9491-037A73402C4A}.Debug|Any CPU.ActiveCfg = Debug|Any CPU
		{68582FF8-425A-4F38-9491-037A73402C4A}.Debug|Any CPU.Build.0 = Debug|Any CPU
		{68582FF8-425A-4F38-9491-037A73402C4A}.Release|Any CPU.ActiveCfg = Release|Any CPU
		{68582FF8-425A-4F38-9491-037A73402C4A}.Release|Any CPU.Build.0 = Release|Any CPU
	EndGlobalSection
	GlobalSection(SolutionProperties) = preSolution
		HideSolutionNode = FALSE
	EndGlobalSection
	GlobalSection(ExtensibilityGlobals) = postSolution
		SolutionGuid = {3852CEDB-258C-479B-9C4A-E7410A032FE7}
	EndGlobalSection
EndGlobal
